
Microsoft Visual Studio Solution File, Format Version 12.00
# Visual Studio Version 17
VisualStudioVersion = 17.9.34728.123
MinimumVisualStudioVersion = 10.0.40219.1
Project("{888888A0-9F3D-457C-B088-3A5042F75D52}") = "code Rock Paper Scissors Game using c#", "code Rock Paper Scissors Game using c#.pyproj", "{A1BE33FB-0761-47BC-816B-97E302C50CBF}"
EndProject
Global
	GlobalSection(SolutionConfigurationPlatforms) = preSolution
		Debug|Any CPU = Debug|Any CPU
		Release|Any CPU = Release|Any CPU
	EndGlobalSection
	GlobalSection(ProjectConfigurationPlatforms) = postSolution
		{A1BE33FB-0761-47BC-816B-97E302C50CBF}.Debug|Any CPU.ActiveCfg = Debug|Any CPU
		{A1BE33FB-0761-47BC-816B-97E302C50CBF}.Release|Any CPU.ActiveCfg = Release|Any CPU
	EndGlobalSection
	GlobalSection(SolutionProperties) = preSolution
		HideSolutionNode = FALSE
	EndGlobalSection
	GlobalSection(ExtensibilityGlobals) = postSolution
		SolutionGuid = {BCBB0F4D-5D8B-43BA-8379-72AF083FC1F8}
	EndGlobalSection
EndGlobal
